{
  "name": "blah",
  "version": "4.0.0",
  "lockfileVersion": 1,
  "requires": true,
  "dependencies": {
    "@ngrx/effects": {
      "version": "4.1.1",
      "resolved": "https://registry.npmjs.org/@ngrx/effects/-/effects-4.1.1.tgz",
      "integrity": "sha1-y3WLhSeWSyWOpBlR9ZqhROPvn64="
    },
    "@ngrx/entity": {
      "version": "4.1.1",
      "resolved": "https://registry.npmjs.org/@ngrx/entity/-/entity-4.1.1.tgz",
      "integrity": "sha1-zoI0etlokZVegIGMbcxWHAXHpM4="
    },
    "@ngrx/store": {
      "version": "4.1.1",
      "resolved": "https://registry.npmjs.org/@ngrx/store/-/store-4.1.1.tgz",
      "integrity": "sha1-aA403yd16IUnVO13f/rJW9gbfeA="
    },
    "typescript": {
      "version": "2.6.2",
      "resolved": "https://registry.npmjs.org/typescript/-/typescript-2.6.2.tgz",
      "integrity": "sha1-PFtv1/beCRQmkCfwPAlGdY92c6Q="
    }
  }
}
